
Microsoft Visual Studio Solution File, Format Version 12.00
# Visual Studio 15
VisualStudioVersion = 15.0.28307.489
MinimumVisualStudioVersion = 10.0.40219.1
Project("{9A19103F-16F7-4668-BE54-9A1E7A4F7556}") = "SolidProxy.Core", "SolidProxy.Core\SolidProxy.Core.csproj", "{9FB695BA-4FC5-4151-A6CD-690EDC4467E3}"
EndProject
Project("{9A19103F-16F7-4668-BE54-9A1E7A4F7556}") = "SolidProxy.Tests", "SolidProxy.Tests\SolidProxy.Tests.csproj", "{7F56B696-4903-4CFD-AB74-0FB5C7A000E9}"
EndProject
Project("{9A19103F-16F7-4668-BE54-9A1E7A4F7556}") = "SolidProxy.MicrosoftDI", "SolidProxy.MicrosoftDI\SolidProxy.MicrosoftDI.csproj", "{9F121FCD-581E-4EAC-9682-F5B39B490BE5}"
EndProject
Project("{2150E333-8FDC-42A3-9474-1A3956D46DE8}") = "Solution Items", "Solution Items", "{582C3765-59C9-41CF-B4B0-2AE5120DA121}"
	ProjectSection(SolutionItems) = preProject
		azure-pipelines.yml = azure-pipelines.yml
		nuget.config = nuget.config
		solidci-powershell-bootstrap.ps1 = solidci-powershell-bootstrap.ps1
	EndProjectSection
EndProject
Project("{FAE04EC0-301F-11D3-BF4B-00C04F79EFBC}") = "SolidProxy.UnityDI", "SolidProxy.UnityDI\SolidProxy.UnityDI.csproj", "{EC4D23BA-A8A8-4D8A-8487-A22A5D5D3E1A}"
EndProject
Project("{2150E333-8FDC-42A3-9474-1A3956D46DE8}") = "Nuget", "Nuget", "{ED366672-80AB-405E-A610-A249947D77FA}"
EndProject
Project("{2150E333-8FDC-42A3-9474-1A3956D46DE8}") = "Tests", "Tests", "{35941BE4-7915-4536-A985-DE53A27DC67B}"
EndProject
Global
	GlobalSection(SolutionConfigurationPlatforms) = preSolution
		Debug|Any CPU = Debug|Any CPU
		Release|Any CPU = Release|Any CPU
	EndGlobalSection
	GlobalSection(ProjectConfigurationPlatforms) = postSolution
		{9FB695BA-4FC5-4151-A6CD-690EDC4467E3}.Debug|Any CPU.ActiveCfg = Debug|Any CPU
		{9FB695BA-4FC5-4151-A6CD-690EDC4467E3}.Debug|Any CPU.Build.0 = Debug|Any CPU
		{9FB695BA-4FC5-4151-A6CD-690EDC4467E3}.Release|Any CPU.ActiveCfg = Release|Any CPU
		{9FB695BA-4FC5-4151-A6CD-690EDC4467E3}.Release|Any CPU.Build.0 = Release|Any CPU
		{7F56B696-4903-4CFD-AB74-0FB5C7A000E9}.Debug|Any CPU.ActiveCfg = Debug|Any CPU
		{7F56B696-4903-4CFD-AB74-0FB5C7A000E9}.Debug|Any CPU.Build.0 = Debug|Any CPU
		{7F56B696-4903-4CFD-AB74-0FB5C7A000E9}.Release|Any CPU.ActiveCfg = Release|Any CPU
		{7F56B696-4903-4CFD-AB74-0FB5C7A000E9}.Release|Any CPU.Build.0 = Release|Any CPU
		{9F121FCD-581E-4EAC-9682-F5B39B490BE5}.Debug|Any CPU.ActiveCfg = Debug|Any CPU
		{9F121FCD-581E-4EAC-9682-F5B39B490BE5}.Debug|Any CPU.Build.0 = Debug|Any CPU
		{9F121FCD-581E-4EAC-9682-F5B39B490BE5}.Release|Any CPU.ActiveCfg = Release|Any CPU
		{9F121FCD-581E-4EAC-9682-F5B39B490BE5}.Release|Any CPU.Build.0 = Release|Any CPU
		{EC4D23BA-A8A8-4D8A-8487-A22A5D5D3E1A}.Debug|Any CPU.ActiveCfg = Debug|Any CPU
		{EC4D23BA-A8A8-4D8A-8487-A22A5D5D3E1A}.Debug|Any CPU.Build.0 = Debug|Any CPU
		{EC4D23BA-A8A8-4D8A-8487-A22A5D5D3E1A}.Release|Any CPU.ActiveCfg = Release|Any CPU
		{EC4D23BA-A8A8-4D8A-8487-A22A5D5D3E1A}.Release|Any CPU.Build.0 = Release|Any CPU
	EndGlobalSection
	GlobalSection(SolutionProperties) = preSolution
		HideSolutionNode = FALSE
	EndGlobalSection
	GlobalSection(NestedProjects) = preSolution
		{9FB695BA-4FC5-4151-A6CD-690EDC4467E3} = {ED366672-80AB-405E-A610-A249947D77FA}
		{7F56B696-4903-4CFD-AB74-0FB5C7A000E9} = {35941BE4-7915-4536-A985-DE53A27DC67B}
		{9F121FCD-581E-4EAC-9682-F5B39B490BE5} = {ED366672-80AB-405E-A610-A249947D77FA}
		{EC4D23BA-A8A8-4D8A-8487-A22A5D5D3E1A} = {ED366672-80AB-405E-A610-A249947D77FA}
	EndGlobalSection
	GlobalSection(ExtensibilityGlobals) = postSolution
		SolutionGuid = {81430E85-8643-4662-9A7E-20DCDC533646}
	EndGlobalSection
EndGlobal
